
Microsoft Visual Studio Solution File, Format Version 12.00
# Visual Studio Version 17
VisualStudioVersion = 17.14.36127.28 d17.14
MinimumVisualStudioVersion = 10.0.40219.1
Project("{FAE04EC0-301F-11D3-BF4B-00C04F79EFBC}") = "dotnet-auth", "dotnet-auth\dotnet-auth.csproj", "{BC3A751F-1232-4213-9146-E27ABDD3CD64}"
EndProject
Global
	GlobalSection(SolutionConfigurationPlatforms) = preSolution
		Debug|Any CPU = Debug|Any CPU
		Release|Any CPU = Release|Any CPU
	EndGlobalSection
	GlobalSection(ProjectConfigurationPlatforms) = postSolution
		{BC3A751F-1232-4213-9146-E27ABDD3CD64}.Debug|Any CPU.ActiveCfg = Debug|Any CPU
		{BC3A751F-1232-4213-9146-E27ABDD3CD64}.Debug|Any CPU.Build.0 = Debug|Any CPU
		{BC3A751F-1232-4213-9146-E27ABDD3CD64}.Release|Any CPU.ActiveCfg = Release|Any CPU
		{BC3A751F-1232-4213-9146-E27ABDD3CD64}.Release|Any CPU.Build.0 = Release|Any CPU
	EndGlobalSection
	GlobalSection(SolutionProperties) = preSolution
		HideSolutionNode = FALSE
	EndGlobalSection
	GlobalSection(ExtensibilityGlobals) = postSolution
		SolutionGuid = {B5EAFA38-7C6D-489F-9DC0-A9D883EF1296}
	EndGlobalSection
EndGlobal
